
Microsoft Visual Studio Solution File, Format Version 12.00
# Visual Studio Version 17
VisualStudioVersion = 17.8.34525.116
MinimumVisualStudioVersion = 10.0.40219.1
Project("{9A19103F-16F7-4668-BE54-9A1E7A4F7556}") = "RiotPrefill", "RiotPrefill\RiotPrefill.csproj", "{059D2B10-8A68-43E1-B30A-F14D20D2C9CD}"
EndProject
Project("{9A19103F-16F7-4668-BE54-9A1E7A4F7556}") = "LancachePrefill.Common", "LancachePrefill.Common\dotnet\LancachePrefill.Common.csproj", "{E23207BC-D1B8-44FD-AA7E-6CE6111C1418}"
EndProject
Project("{9A19103F-16F7-4668-BE54-9A1E7A4F7556}") = "RiotPrefill.Test", "RiotPrefill.Test\RiotPrefill.Test.csproj", "{865E1AA2-4D27-4DEA-A339-CA242A77564B}"
EndProject
Global
	GlobalSection(SolutionConfigurationPlatforms) = preSolution
		Debug|Any CPU = Debug|Any CPU
		Release|Any CPU = Release|Any CPU
	EndGlobalSection
	GlobalSection(ProjectConfigurationPlatforms) = postSolution
		{059D2B10-8A68-43E1-B30A-F14D20D2C9CD}.Debug|Any CPU.ActiveCfg = Debug|Any CPU
		{059D2B10-8A68-43E1-B30A-F14D20D2C9CD}.Debug|Any CPU.Build.0 = Debug|Any CPU
		{059D2B10-8A68-43E1-B30A-F14D20D2C9CD}.Release|Any CPU.ActiveCfg = Release|Any CPU
		{059D2B10-8A68-43E1-B30A-F14D20D2C9CD}.Release|Any CPU.Build.0 = Release|Any CPU
		{E23207BC-D1B8-44FD-AA7E-6CE6111C1418}.Debug|Any CPU.ActiveCfg = Debug|Any CPU
		{E23207BC-D1B8-44FD-AA7E-6CE6111C1418}.Debug|Any CPU.Build.0 = Debug|Any CPU
		{E23207BC-D1B8-44FD-AA7E-6CE6111C1418}.Release|Any CPU.ActiveCfg = Release|Any CPU
		{E23207BC-D1B8-44FD-AA7E-6CE6111C1418}.Release|Any CPU.Build.0 = Release|Any CPU
		{865E1AA2-4D27-4DEA-A339-CA242A77564B}.Debug|Any CPU.ActiveCfg = Debug|Any CPU
		{865E1AA2-4D27-4DEA-A339-CA242A77564B}.Debug|Any CPU.Build.0 = Debug|Any CPU
		{865E1AA2-4D27-4DEA-A339-CA242A77564B}.Release|Any CPU.ActiveCfg = Release|Any CPU
		{865E1AA2-4D27-4DEA-A339-CA242A77564B}.Release|Any CPU.Build.0 = Release|Any CPU
	EndGlobalSection
	GlobalSection(SolutionProperties) = preSolution
		HideSolutionNode = FALSE
	EndGlobalSection
	GlobalSection(ExtensibilityGlobals) = postSolution
		SolutionGuid = {9A4587E9-D796-423D-A6B0-9B54DD515AB2}
	EndGlobalSection
EndGlobal
